
Microsoft Visual Studio Solution File, Format Version 12.00
# Visual Studio 14
VisualStudioVersion = 14.0.25420.1
MinimumVisualStudioVersion = 10.0.40219.1
Project("{FAE04EC0-301F-11D3-BF4B-00C04F79EFBC}") = "LoggingAndAuditing", "LoggingAndAuditing\LoggingAndAuditing.csproj", "{8CBF1A43-5D49-472A-93CD-49A36ACB340C}"
EndProject
Project("{FAE04EC0-301F-11D3-BF4B-00C04F79EFBC}") = "VestasFramework", "Custom\VestasFramework.csproj", "{C22E556E-AAF2-485E-B24A-FE04D78437AB}"
EndProject
Project("{2150E333-8FDC-42A3-9474-1A3956D46DE8}") = "VestasFramework", "VestasFramework", "{ECA7960E-32D2-49F9-87AF-718D2D2C623C}"
EndProject
Global
	GlobalSection(SolutionConfigurationPlatforms) = preSolution
		Debug|Any CPU = Debug|Any CPU
		Release|Any CPU = Release|Any CPU
	EndGlobalSection
	GlobalSection(ProjectConfigurationPlatforms) = postSolution
		{8CBF1A43-5D49-472A-93CD-49A36ACB340C}.Debug|Any CPU.ActiveCfg = Debug|Any CPU
		{8CBF1A43-5D49-472A-93CD-49A36ACB340C}.Debug|Any CPU.Build.0 = Debug|Any CPU
		{8CBF1A43-5D49-472A-93CD-49A36ACB340C}.Release|Any CPU.ActiveCfg = Release|Any CPU
		{8CBF1A43-5D49-472A-93CD-49A36ACB340C}.Release|Any CPU.Build.0 = Release|Any CPU
		{C22E556E-AAF2-485E-B24A-FE04D78437AB}.Debug|Any CPU.ActiveCfg = Debug|Any CPU
		{C22E556E-AAF2-485E-B24A-FE04D78437AB}.Debug|Any CPU.Build.0 = Debug|Any CPU
		{C22E556E-AAF2-485E-B24A-FE04D78437AB}.Release|Any CPU.ActiveCfg = Release|Any CPU
		{C22E556E-AAF2-485E-B24A-FE04D78437AB}.Release|Any CPU.Build.0 = Release|Any CPU
	EndGlobalSection
	GlobalSection(SolutionProperties) = preSolution
		HideSolutionNode = FALSE
	EndGlobalSection
	GlobalSection(NestedProjects) = preSolution
		{C22E556E-AAF2-485E-B24A-FE04D78437AB} = {ECA7960E-32D2-49F9-87AF-718D2D2C623C}
	EndGlobalSection
	GlobalSection(ExtensibilityGlobals) = postSolution
		SolutionGuid = {F7B993B2-73B2-42E3-AF6D-349858ADD9B4}
	EndGlobalSection
EndGlobal
